
Microsoft Visual Studio Solution File, Format Version 12.00
# Visual Studio Version 16
VisualStudioVersion = 16.0.31321.278
MinimumVisualStudioVersion = 10.0.40219.1
Project("{FAE04EC0-301F-11D3-BF4B-00C04F79EFBC}") = "KeyGeneratorService", "KeyGeneratorService\KeyGeneratorService.csproj", "{13BF54F2-000D-4A71-8EAF-75D3FE6789D4}"
EndProject
Global
	GlobalSection(SolutionConfigurationPlatforms) = preSolution
		Debug|Any CPU = Debug|Any CPU
		Release|Any CPU = Release|Any CPU
	EndGlobalSection
	GlobalSection(ProjectConfigurationPlatforms) = postSolution
		{13BF54F2-000D-4A71-8EAF-75D3FE6789D4}.Debug|Any CPU.ActiveCfg = Debug|Any CPU
		{13BF54F2-000D-4A71-8EAF-75D3FE6789D4}.Debug|Any CPU.Build.0 = Debug|Any CPU
		{13BF54F2-000D-4A71-8EAF-75D3FE6789D4}.Release|Any CPU.ActiveCfg = Release|Any CPU
		{13BF54F2-000D-4A71-8EAF-75D3FE6789D4}.Release|Any CPU.Build.0 = Release|Any CPU
	EndGlobalSection
	GlobalSection(SolutionProperties) = preSolution
		HideSolutionNode = FALSE
	EndGlobalSection
	GlobalSection(ExtensibilityGlobals) = postSolution
		SolutionGuid = {41A006D3-A313-41FA-AD02-ED03F6242408}
	EndGlobalSection
EndGlobal
