
Microsoft Visual Studio Solution File, Format Version 12.00
# Visual Studio Version 16
VisualStudioVersion = 16.0.30413.136
MinimumVisualStudioVersion = 10.0.40219.1
Project("{FAE04EC0-301F-11D3-BF4B-00C04F79EFBC}") = "RabbitMQPublisher", "RabbitMQPublisher.csproj", "{03E535E4-586F-48DE-AD9B-10972240603B}"
EndProject
Global
	GlobalSection(SolutionConfigurationPlatforms) = preSolution
		Debug|Any CPU = Debug|Any CPU
		Release|Any CPU = Release|Any CPU
	EndGlobalSection
	GlobalSection(ProjectConfigurationPlatforms) = postSolution
		{03E535E4-586F-48DE-AD9B-10972240603B}.Debug|Any CPU.ActiveCfg = Debug|Any CPU
		{03E535E4-586F-48DE-AD9B-10972240603B}.Debug|Any CPU.Build.0 = Debug|Any CPU
		{03E535E4-586F-48DE-AD9B-10972240603B}.Release|Any CPU.ActiveCfg = Release|Any CPU
		{03E535E4-586F-48DE-AD9B-10972240603B}.Release|Any CPU.Build.0 = Release|Any CPU
	EndGlobalSection
	GlobalSection(SolutionProperties) = preSolution
		HideSolutionNode = FALSE
	EndGlobalSection
	GlobalSection(ExtensibilityGlobals) = postSolution
		SolutionGuid = {44B38E2D-339D-4B93-AEAE-894D7BDECE87}
	EndGlobalSection
EndGlobal
